
Microsoft Visual Studio Solution File, Format Version 12.00
# Visual Studio Version 16
VisualStudioVersion = 16.0.30523.141
MinimumVisualStudioVersion = 10.0.40219.1
Project("{FAE04EC0-301F-11D3-BF4B-00C04F79EFBC}") = "BookStore", "BookStore\BookStore.csproj", "{2107D56B-5738-434E-BA83-38491D5BF242}"
EndProject
Global
	GlobalSection(SolutionConfigurationPlatforms) = preSolution
		Debug|Any CPU = Debug|Any CPU
		Release|Any CPU = Release|Any CPU
	EndGlobalSection
	GlobalSection(ProjectConfigurationPlatforms) = postSolution
		{2107D56B-5738-434E-BA83-38491D5BF242}.Debug|Any CPU.ActiveCfg = Debug|Any CPU
		{2107D56B-5738-434E-BA83-38491D5BF242}.Debug|Any CPU.Build.0 = Debug|Any CPU
		{2107D56B-5738-434E-BA83-38491D5BF242}.Release|Any CPU.ActiveCfg = Release|Any CPU
		{2107D56B-5738-434E-BA83-38491D5BF242}.Release|Any CPU.Build.0 = Release|Any CPU
	EndGlobalSection
	GlobalSection(SolutionProperties) = preSolution
		HideSolutionNode = FALSE
	EndGlobalSection
	GlobalSection(ExtensibilityGlobals) = postSolution
		SolutionGuid = {A3C97FDE-7BF0-40C6-AE0C-F47641CB6A4F}
	EndGlobalSection
EndGlobal
